dependencies:
  espressif/mdns:
    component_hash: 043f989435fd88f771c70507bfde854380c259a8fec8c0d60bcfd8714f16960e
    dependencies:
    - name: idf
      require: private
      version: '>=5.0'
    source:
      registry_url: https://components.espressif.com/
      type: service
    version: 1.10.0
  idf:
    source:
      type: idf
    version: 5.5.3
direct_dependencies:
- espressif/mdns
manifest_hash: 9d03b8efa1970bc4481c4dad4d936827887c25b0fdd31727903fc1be4aed6911
target: esp32s3
version: 2.0.0
