dependencies:
  espressif/mdns:
    component_hash: 3ec0af5f6bce310512e90f482388d21cc7c0e99668172d2f895356165fc6f7c5
    source:
      service_url: https://api.components.espressif.com/
      type: service
    version: 1.8.2
  idf:
    component_hash: null
    source:
      type: idf
    version: 5.4.1
manifest_hash: 030aff6c4d1fc250214590a5cd4137359bf59a6244e800f6d182028594cf5129
target: esp32s3
version: 1.0.0
